{
  "lockfile-version": 1,
  "manifest": {
    "version": 1,
    "install": {
      "bandit": {
        "pkg-path": "python312Packages.bandit"
      },
      "flake8": {
        "pkg-path": "python312Packages.flake8"
      },
      "pylint": {
        "pkg-path": "python312Packages.pylint"
      },
      "python3": {
        "pkg-path": "python3"
      },
      "safety": {
        "pkg-path": "python312Packages.safety"
      },
      "vulture": {
        "pkg-path": "python312Packages.vulture"
      }
    },
    "hook": {
      "on-activate": "  # Autogenerated by Flox\n\n  # Setup a Python virtual environment\n\n  export PYTHON_DIR=\"$FLOX_ENV_CACHE/python\"\n  if [ ! -d \"$PYTHON_DIR\" ]; then\n    echo \"Creating python virtual environment in $PYTHON_DIR\"\n    python -m venv \"$PYTHON_DIR\"\n  fi\n\n  # Quietly activate venv and install packages in a subshell so\n  # that the venv can be freshly activated in the profile section.\n  (\n    source \"$PYTHON_DIR/bin/activate\"\n    pip install -r \"$FLOX_ENV_PROJECT/requirements.txt\" --quiet\n  )\n\n  # End autogenerated by Flox\n"
    },
    "profile": {
      "bash": "  # Autogenerated by Flox\n\n  echo \"Activating python virtual environment\" >&2\n  source \"$PYTHON_DIR/bin/activate\"\n\n  # End autogenerated by Flox\n",
      "zsh": "  # Autogenerated by Flox\n\n  echo \"Activating python virtual environment\" >&2\n  source \"$PYTHON_DIR/bin/activate\"\n\n  # End autogenerated by Flox\n",
      "fish": "  # Autogenerated by Flox\n\n  echo \"Activating python virtual environment\" >&2\n  source \"$PYTHON_DIR/bin/activate.fish\"\n\n  # End autogenerated by Flox\n",
      "tcsh": "  # Autogenerated by Flox\n\n  echo \"Activating python virtual environment\" >&2\n  source \"$PYTHON_DIR/bin/activate.csh\"\n\n  # End autogenerated by Flox\n"
    },
    "options": {
      "systems": [
        "aarch64-darwin",
        "aarch64-linux",
        "x86_64-darwin",
        "x86_64-linux"
      ],
      "allow": {
        "licenses": []
      },
      "semver": {}
    }
  },
  "packages": [
    {
      "attr_path": "python312Packages.bandit",
      "broken": false,
      "derivation": "/nix/store/vp92cx380w0sv8r1zlfcs9rpl7w3c47l-python3.12-bandit-1.8.3.drv",
      "description": "Security oriented static analyser for python code",
      "install_id": "bandit",
      "license": "Apache-2.0",
      "locked_url": "https://github.com/flox/nixpkgs?rev=73cf49b8ad837ade2de76f87eb53fc85ed5d4680",
      "name": "bandit-1.8.3",
      "pname": "bandit",
      "rev": "73cf49b8ad837ade2de76f87eb53fc85ed5d4680",
      "rev_count": 755230,
      "rev_date": "2025-02-18T08:17:47Z",
      "scrape_date": "2025-02-20T02:25:42Z",
      "stabilities": [
        "stable",
        "staging",
        "unstable"
      ],
      "unfree": false,
      "version": "1.8.3",
      "outputs_to_install": [
        "out"
      ],
      "outputs": {
        "dist": "/nix/store/8mdg6j72yh6fr8762a9n8br4m1862c20-python3.12-bandit-1.8.3-dist",
        "out": "/nix/store/n2ns2ah4vd43yxpcx2mskknrdddnjpy2-python3.12-bandit-1.8.3"
      },
      "system": "aarch64-darwin",
      "group": "toplevel",
      "priority": 5
    },
    {
      "attr_path": "python312Packages.bandit",
      "broken": false,
      "derivation": "/nix/store/d820a0xz6b6cxrglwyrspfg0jbxdi7kr-python3.12-bandit-1.8.3.drv",
      "description": "Security oriented static analyser for python code",
      "install_id": "bandit",
      "license": "Apache-2.0",
      "locked_url": "https://github.com/flox/nixpkgs?rev=73cf49b8ad837ade2de76f87eb53fc85ed5d4680",
      "name": "bandit-1.8.3",
      "pname": "bandit",
      "rev": "73cf49b8ad837ade2de76f87eb53fc85ed5d4680",
      "rev_count": 755230,
      "rev_date": "2025-02-18T08:17:47Z",
      "scrape_date": "2025-02-20T02:25:42Z",
      "stabilities": [
        "stable",
        "staging",
        "unstable"
      ],
      "unfree": false,
      "version": "1.8.3",
      "outputs_to_install": [
        "out"
      ],
      "outputs": {
        "dist": "/nix/store/qgw7azd05ppk50a61j9halandbm03nwg-python3.12-bandit-1.8.3-dist",
        "out": "/nix/store/fnsg1pm3nrd01wxs8lsd0hsm8k9yf46x-python3.12-bandit-1.8.3"
      },
      "system": "aarch64-linux",
      "group": "toplevel",
      "priority": 5
    },
    {
      "attr_path": "python312Packages.bandit",
      "broken": false,
      "derivation": "/nix/store/9383qnjwv3knp189xpnlp8z3ap7170j5-python3.12-bandit-1.8.3.drv",
      "description": "Security oriented static analyser for python code",
      "install_id": "bandit",
      "license": "Apache-2.0",
      "locked_url": "https://github.com/flox/nixpkgs?rev=73cf49b8ad837ade2de76f87eb53fc85ed5d4680",
      "name": "bandit-1.8.3",
      "pname": "bandit",
      "rev": "73cf49b8ad837ade2de76f87eb53fc85ed5d4680",
      "rev_count": 755230,
      "rev_date": "2025-02-18T08:17:47Z",
      "scrape_date": "2025-02-20T02:25:42Z",
      "stabilities": [
        "stable",
        "staging",
        "unstable"
      ],
      "unfree": false,
      "version": "1.8.3",
      "outputs_to_install": [
        "out"
      ],
      "outputs": {
        "dist": "/nix/store/0mnd8cmqrhmc42ibl0p073sb9paq62fp-python3.12-bandit-1.8.3-dist",
        "out": "/nix/store/8f2ihrvnsjyxqaiax872k5i1k70wp6h9-python3.12-bandit-1.8.3"
      },
      "system": "x86_64-darwin",
      "group": "toplevel",
      "priority": 5
    },
    {
      "attr_path": "python312Packages.bandit",
      "broken": false,
      "derivation": "/nix/store/sil3sdnf928hi5y5q6dfqa2y0gnq2gb5-python3.12-bandit-1.8.3.drv",
      "description": "Security oriented static analyser for python code",
      "install_id": "bandit",
      "license": "Apache-2.0",
      "locked_url": "https://github.com/flox/nixpkgs?rev=73cf49b8ad837ade2de76f87eb53fc85ed5d4680",
      "name": "bandit-1.8.3",
      "pname": "bandit",
      "rev": "73cf49b8ad837ade2de76f87eb53fc85ed5d4680",
      "rev_count": 755230,
      "rev_date": "2025-02-18T08:17:47Z",
      "scrape_date": "2025-02-20T02:25:42Z",
      "stabilities": [
        "stable",
        "staging",
        "unstable"
      ],
      "unfree": false,
      "version": "1.8.3",
      "outputs_to_install": [
        "out"
      ],
      "outputs": {
        "dist": "/nix/store/xc6jp2wrlrxd0syrimb83afk1lb5vjdq-python3.12-bandit-1.8.3-dist",
        "out": "/nix/store/5glx050z97k41d4mm6qr8rnmsr7g5l9k-python3.12-bandit-1.8.3"
      },
      "system": "x86_64-linux",
      "group": "toplevel",
      "priority": 5
    },
    {
      "attr_path": "python312Packages.flake8",
      "broken": false,
      "derivation": "/nix/store/wz9jbfcpppfi5izpgmjalwm7wgkk5fxl-python3.12-flake8-7.1.1.drv",
      "description": "Modular source code checker: pep8, pyflakes and co",
      "install_id": "flake8",
      "license": "MIT",
      "locked_url": "https://github.com/flox/nixpkgs?rev=73cf49b8ad837ade2de76f87eb53fc85ed5d4680",
      "name": "python3.12-flake8-7.1.1",
      "pname": "flake8",
      "rev": "73cf49b8ad837ade2de76f87eb53fc85ed5d4680",
      "rev_count": 755230,
      "rev_date": "2025-02-18T08:17:47Z",
      "scrape_date": "2025-02-20T02:25:42Z",
      "stabilities": [
        "stable",
        "staging",
        "unstable"
      ],
      "unfree": false,
      "version": "python3.12-flake8-7.1.1",
      "outputs_to_install": [
        "out"
      ],
      "outputs": {
        "dist": "/nix/store/c6d9a18wckwnq2wilhsgbzkair7wn3jg-python3.12-flake8-7.1.1-dist",
        "out": "/nix/store/3jnz8n7fyxbl3wfm7xlskc7l8h805bn1-python3.12-flake8-7.1.1"
      },
      "system": "aarch64-darwin",
      "group": "toplevel",
      "priority": 5
    },
    {
      "attr_path": "python312Packages.flake8",
      "broken": false,
      "derivation": "/nix/store/b39nzg1ivbzjyp3mqkhnsgwgwggz9b1a-python3.12-flake8-7.1.1.drv",
      "description": "Modular source code checker: pep8, pyflakes and co",
      "install_id": "flake8",
      "license": "MIT",
      "locked_url": "https://github.com/flox/nixpkgs?rev=73cf49b8ad837ade2de76f87eb53fc85ed5d4680",
      "name": "python3.12-flake8-7.1.1",
      "pname": "flake8",
      "rev": "73cf49b8ad837ade2de76f87eb53fc85ed5d4680",
      "rev_count": 755230,
      "rev_date": "2025-02-18T08:17:47Z",
      "scrape_date": "2025-02-20T02:25:42Z",
      "stabilities": [
        "stable",
        "staging",
        "unstable"
      ],
      "unfree": false,
      "version": "python3.12-flake8-7.1.1",
      "outputs_to_install": [
        "out"
      ],
      "outputs": {
        "dist": "/nix/store/6kjszhnc5cakd449yc5pab8nafj5ls38-python3.12-flake8-7.1.1-dist",
        "out": "/nix/store/pkdnlwpn3kklj97icvi1726rks5k13bz-python3.12-flake8-7.1.1"
      },
      "system": "aarch64-linux",
      "group": "toplevel",
      "priority": 5
    },
    {
      "attr_path": "python312Packages.flake8",
      "broken": false,
      "derivation": "/nix/store/xw8y0jb6hcj9cgq4711kg3q316jwg8ja-python3.12-flake8-7.1.1.drv",
      "description": "Modular source code checker: pep8, pyflakes and co",
      "install_id": "flake8",
      "license": "MIT",
      "locked_url": "https://github.com/flox/nixpkgs?rev=73cf49b8ad837ade2de76f87eb53fc85ed5d4680",
      "name": "python3.12-flake8-7.1.1",
      "pname": "flake8",
      "rev": "73cf49b8ad837ade2de76f87eb53fc85ed5d4680",
      "rev_count": 755230,
      "rev_date": "2025-02-18T08:17:47Z",
      "scrape_date": "2025-02-20T02:25:42Z",
      "stabilities": [
        "stable",
        "staging",
        "unstable"
      ],
      "unfree": false,
      "version": "python3.12-flake8-7.1.1",
      "outputs_to_install": [
        "out"
      ],
      "outputs": {
        "dist": "/nix/store/av5hh5iqhm5ax9c1fm43jakxngslvm36-python3.12-flake8-7.1.1-dist",
        "out": "/nix/store/dj53c4chby35yk8822nzjd45axffjl9i-python3.12-flake8-7.1.1"
      },
      "system": "x86_64-darwin",
      "group": "toplevel",
      "priority": 5
    },
    {
      "attr_path": "python312Packages.flake8",
      "broken": false,
      "derivation": "/nix/store/knj5bmjal4qxsk142hwgfffjbrz75c0y-python3.12-flake8-7.1.1.drv",
      "description": "Modular source code checker: pep8, pyflakes and co",
      "install_id": "flake8",
      "license": "MIT",
      "locked_url": "https://github.com/flox/nixpkgs?rev=73cf49b8ad837ade2de76f87eb53fc85ed5d4680",
      "name": "python3.12-flake8-7.1.1",
      "pname": "flake8",
      "rev": "73cf49b8ad837ade2de76f87eb53fc85ed5d4680",
      "rev_count": 755230,
      "rev_date": "2025-02-18T08:17:47Z",
      "scrape_date": "2025-02-20T02:25:42Z",
      "stabilities": [
        "stable",
        "staging",
        "unstable"
      ],
      "unfree": false,
      "version": "python3.12-flake8-7.1.1",
      "outputs_to_install": [
        "out"
      ],
      "outputs": {
        "dist": "/nix/store/w3gnndvlj4hgp87j4fbh44kr0a1j55n0-python3.12-flake8-7.1.1-dist",
        "out": "/nix/store/m5h6mcw3pz70xn48387m4dvz9vs0kvqp-python3.12-flake8-7.1.1"
      },
      "system": "x86_64-linux",
      "group": "toplevel",
      "priority": 5
    },
    {
      "attr_path": "python312Packages.pylint",
      "broken": false,
      "derivation": "/nix/store/4innm3dyln2lsmvzx14b4vm3zcy7bxna-python3.12-pylint-3.3.3.drv",
      "description": "Bug and style checker for Python",
      "install_id": "pylint",
      "license": "GPL-2.0-or-later",
      "locked_url": "https://github.com/flox/nixpkgs?rev=73cf49b8ad837ade2de76f87eb53fc85ed5d4680",
      "name": "pylint-3.3.3",
      "pname": "pylint",
      "rev": "73cf49b8ad837ade2de76f87eb53fc85ed5d4680",
      "rev_count": 755230,
      "rev_date": "2025-02-18T08:17:47Z",
      "scrape_date": "2025-02-20T02:25:42Z",
      "stabilities": [
        "stable",
        "staging",
        "unstable"
      ],
      "unfree": false,
      "version": "3.3.3",
      "outputs_to_install": [
        "out"
      ],
      "outputs": {
        "dist": "/nix/store/0nwl7r3v3m1f35xpcaqcsfcdr24k5i11-python3.12-pylint-3.3.3-dist",
        "out": "/nix/store/ww5jx8bn19xw3v0z4ck1n3kasslbjr4v-python3.12-pylint-3.3.3"
      },
      "system": "aarch64-darwin",
      "group": "toplevel",
      "priority": 5
    },
    {
      "attr_path": "python312Packages.pylint",
      "broken": false,
      "derivation": "/nix/store/ig6rrsjjlbbrar2c3ib596ayj95lgvb0-python3.12-pylint-3.3.3.drv",
      "description": "Bug and style checker for Python",
      "install_id": "pylint",
      "license": "GPL-2.0-or-later",
      "locked_url": "https://github.com/flox/nixpkgs?rev=73cf49b8ad837ade2de76f87eb53fc85ed5d4680",
      "name": "pylint-3.3.3",
      "pname": "pylint",
      "rev": "73cf49b8ad837ade2de76f87eb53fc85ed5d4680",
      "rev_count": 755230,
      "rev_date": "2025-02-18T08:17:47Z",
      "scrape_date": "2025-02-20T02:25:42Z",
      "stabilities": [
        "stable",
        "staging",
        "unstable"
      ],
      "unfree": false,
      "version": "3.3.3",
      "outputs_to_install": [
        "out"
      ],
      "outputs": {
        "dist": "/nix/store/lgh8j3iqa7fwwybdknj4l7grvyznnnxv-python3.12-pylint-3.3.3-dist",
        "out": "/nix/store/ma2vlzk9yf8hc86ix9fh1v5ri7vfnm3p-python3.12-pylint-3.3.3"
      },
      "system": "aarch64-linux",
      "group": "toplevel",
      "priority": 5
    },
    {
      "attr_path": "python312Packages.pylint",
      "broken": false,
      "derivation": "/nix/store/8y13sz3gi9ryv9ccxr3yvgmycrz96fns-python3.12-pylint-3.3.3.drv",
      "description": "Bug and style checker for Python",
      "install_id": "pylint",
      "license": "GPL-2.0-or-later",
      "locked_url": "https://github.com/flox/nixpkgs?rev=73cf49b8ad837ade2de76f87eb53fc85ed5d4680",
      "name": "pylint-3.3.3",
      "pname": "pylint",
      "rev": "73cf49b8ad837ade2de76f87eb53fc85ed5d4680",
      "rev_count": 755230,
      "rev_date": "2025-02-18T08:17:47Z",
      "scrape_date": "2025-02-20T02:25:42Z",
      "stabilities": [
        "stable",
        "staging",
        "unstable"
      ],
      "unfree": false,
      "version": "3.3.3",
      "outputs_to_install": [
        "out"
      ],
      "outputs": {
        "dist": "/nix/store/1qs9p59jzxl79c2jjay868q3av8f2k0g-python3.12-pylint-3.3.3-dist",
        "out": "/nix/store/60cqj8xpi1mcp5n13kha2isyhywriywz-python3.12-pylint-3.3.3"
      },
      "system": "x86_64-darwin",
      "group": "toplevel",
      "priority": 5
    },
    {
      "attr_path": "python312Packages.pylint",
      "broken": false,
      "derivation": "/nix/store/2vrmvwjl7gl9ri69yhjx3dv2348c5cph-python3.12-pylint-3.3.3.drv",
      "description": "Bug and style checker for Python",
      "install_id": "pylint",
      "license": "GPL-2.0-or-later",
      "locked_url": "https://github.com/flox/nixpkgs?rev=73cf49b8ad837ade2de76f87eb53fc85ed5d4680",
      "name": "pylint-3.3.3",
      "pname": "pylint",
      "rev": "73cf49b8ad837ade2de76f87eb53fc85ed5d4680",
      "rev_count": 755230,
      "rev_date": "2025-02-18T08:17:47Z",
      "scrape_date": "2025-02-20T02:25:42Z",
      "stabilities": [
        "stable",
        "staging",
        "unstable"
      ],
      "unfree": false,
      "version": "3.3.3",
      "outputs_to_install": [
        "out"
      ],
      "outputs": {
        "dist": "/nix/store/1r66ddxq8i13x0c1hs1a6r3357fygxb1-python3.12-pylint-3.3.3-dist",
        "out": "/nix/store/bz6gwkhi2v9sgcch5w2l3rkwahq05gqz-python3.12-pylint-3.3.3"
      },
      "system": "x86_64-linux",
      "group": "toplevel",
      "priority": 5
    },
    {
      "attr_path": "python3",
      "broken": false,
      "derivation": "/nix/store/06lyfzhlxlqmj0fi0nms45gf7yv1qvnr-python3-3.12.8.drv",
      "description": "High-level dynamically-typed programming language",
      "install_id": "python3",
      "license": "Python-2.0",
      "locked_url": "https://github.com/flox/nixpkgs?rev=73cf49b8ad837ade2de76f87eb53fc85ed5d4680",
      "name": "python3-3.12.8",
      "pname": "python3",
      "rev": "73cf49b8ad837ade2de76f87eb53fc85ed5d4680",
      "rev_count": 755230,
      "rev_date": "2025-02-18T08:17:47Z",
      "scrape_date": "2025-02-20T02:25:42Z",
      "stabilities": [
        "stable",
        "staging",
        "unstable"
      ],
      "unfree": false,
      "version": "3.12.8",
      "outputs_to_install": [
        "out"
      ],
      "outputs": {
        "out": "/nix/store/d3alkzaq4a0yy8alnn0yamz62aim50qy-python3-3.12.8"
      },
      "system": "aarch64-darwin",
      "group": "toplevel",
      "priority": 5
    },
    {
      "attr_path": "python3",
      "broken": false,
      "derivation": "/nix/store/pdxmsi3l3rp1zv0x9nzjxn11543hjlpz-python3-3.12.8.drv",
      "description": "High-level dynamically-typed programming language",
      "install_id": "python3",
      "license": "Python-2.0",
      "locked_url": "https://github.com/flox/nixpkgs?rev=73cf49b8ad837ade2de76f87eb53fc85ed5d4680",
      "name": "python3-3.12.8",
      "pname": "python3",
      "rev": "73cf49b8ad837ade2de76f87eb53fc85ed5d4680",
      "rev_count": 755230,
      "rev_date": "2025-02-18T08:17:47Z",
      "scrape_date": "2025-02-20T02:25:42Z",
      "stabilities": [
        "stable",
        "staging",
        "unstable"
      ],
      "unfree": false,
      "version": "3.12.8",
      "outputs_to_install": [
        "out"
      ],
      "outputs": {
        "debug": "/nix/store/j8vwwbx0l5kz4w6j32kslj7czjri7276-python3-3.12.8-debug",
        "out": "/nix/store/rfm2viz8cpyahnmraaayhmki7v9767gg-python3-3.12.8"
      },
      "system": "aarch64-linux",
      "group": "toplevel",
      "priority": 5
    },
    {
      "attr_path": "python3",
      "broken": false,
      "derivation": "/nix/store/kqawl89npv486ylzrngb5p2my13qbkkh-python3-3.12.8.drv",
      "description": "High-level dynamically-typed programming language",
      "install_id": "python3",
      "license": "Python-2.0",
      "locked_url": "https://github.com/flox/nixpkgs?rev=73cf49b8ad837ade2de76f87eb53fc85ed5d4680",
      "name": "python3-3.12.8",
      "pname": "python3",
      "rev": "73cf49b8ad837ade2de76f87eb53fc85ed5d4680",
      "rev_count": 755230,
      "rev_date": "2025-02-18T08:17:47Z",
      "scrape_date": "2025-02-20T02:25:42Z",
      "stabilities": [
        "stable",
        "staging",
        "unstable"
      ],
      "unfree": false,
      "version": "3.12.8",
      "outputs_to_install": [
        "out"
      ],
      "outputs": {
        "out": "/nix/store/ppx7233zkb3frbjw3llvsqhp7nxhlssk-python3-3.12.8"
      },
      "system": "x86_64-darwin",
      "group": "toplevel",
      "priority": 5
    },
    {
      "attr_path": "python3",
      "broken": false,
      "derivation": "/nix/store/jqjl1pjb8h7v15ip3am81yj9ff8xw9bh-python3-3.12.8.drv",
      "description": "High-level dynamically-typed programming language",
      "install_id": "python3",
      "license": "Python-2.0",
      "locked_url": "https://github.com/flox/nixpkgs?rev=73cf49b8ad837ade2de76f87eb53fc85ed5d4680",
      "name": "python3-3.12.8",
      "pname": "python3",
      "rev": "73cf49b8ad837ade2de76f87eb53fc85ed5d4680",
      "rev_count": 755230,
      "rev_date": "2025-02-18T08:17:47Z",
      "scrape_date": "2025-02-20T02:25:42Z",
      "stabilities": [
        "stable",
        "staging",
        "unstable"
      ],
      "unfree": false,
      "version": "3.12.8",
      "outputs_to_install": [
        "out"
      ],
      "outputs": {
        "debug": "/nix/store/fxx2zijvbblhwh96awf50jvw5padmdfy-python3-3.12.8-debug",
        "out": "/nix/store/0l539chjmcq5kdd43j6dgdjky4sjl7hl-python3-3.12.8"
      },
      "system": "x86_64-linux",
      "group": "toplevel",
      "priority": 5
    },
    {
      "attr_path": "python312Packages.safety",
      "broken": false,
      "derivation": "/nix/store/2dkjxzf4nw0kcp4xvh8q2382mwx4wj88-python3.12-safety-3.2.14.drv",
      "description": "Checks installed dependencies for known vulnerabilities",
      "install_id": "safety",
      "license": "MIT",
      "locked_url": "https://github.com/flox/nixpkgs?rev=73cf49b8ad837ade2de76f87eb53fc85ed5d4680",
      "name": "python3.12-safety-3.2.14",
      "pname": "safety",
      "rev": "73cf49b8ad837ade2de76f87eb53fc85ed5d4680",
      "rev_count": 755230,
      "rev_date": "2025-02-18T08:17:47Z",
      "scrape_date": "2025-02-20T02:25:42Z",
      "stabilities": [
        "stable",
        "staging",
        "unstable"
      ],
      "unfree": false,
      "version": "3.2.14",
      "outputs_to_install": [
        "out"
      ],
      "outputs": {
        "dist": "/nix/store/b0h2fqqfxiljiq5lfzl5xpw5wqxwrk0v-python3.12-safety-3.2.14-dist",
        "out": "/nix/store/6wkc2zi7xrpwd4kmz57m8m6b3aq63691-python3.12-safety-3.2.14"
      },
      "system": "aarch64-darwin",
      "group": "toplevel",
      "priority": 5
    },
    {
      "attr_path": "python312Packages.safety",
      "broken": false,
      "derivation": "/nix/store/pypzlhq5knyyqndfi4w3pnn8igw1j5vc-python3.12-safety-3.2.14.drv",
      "description": "Checks installed dependencies for known vulnerabilities",
      "install_id": "safety",
      "license": "MIT",
      "locked_url": "https://github.com/flox/nixpkgs?rev=73cf49b8ad837ade2de76f87eb53fc85ed5d4680",
      "name": "python3.12-safety-3.2.14",
      "pname": "safety",
      "rev": "73cf49b8ad837ade2de76f87eb53fc85ed5d4680",
      "rev_count": 755230,
      "rev_date": "2025-02-18T08:17:47Z",
      "scrape_date": "2025-02-20T02:25:42Z",
      "stabilities": [
        "stable",
        "staging",
        "unstable"
      ],
      "unfree": false,
      "version": "3.2.14",
      "outputs_to_install": [
        "out"
      ],
      "outputs": {
        "dist": "/nix/store/hqsh3z4v8x370y06r7gjimv2w9jm1j5s-python3.12-safety-3.2.14-dist",
        "out": "/nix/store/pqw21lih7d7rk6iainy986g5j2yvvp41-python3.12-safety-3.2.14"
      },
      "system": "aarch64-linux",
      "group": "toplevel",
      "priority": 5
    },
    {
      "attr_path": "python312Packages.safety",
      "broken": false,
      "derivation": "/nix/store/zr9w8kvvv7jqsgc6k2y9l5nbpwhlkx42-python3.12-safety-3.2.14.drv",
      "description": "Checks installed dependencies for known vulnerabilities",
      "install_id": "safety",
      "license": "MIT",
      "locked_url": "https://github.com/flox/nixpkgs?rev=73cf49b8ad837ade2de76f87eb53fc85ed5d4680",
      "name": "python3.12-safety-3.2.14",
      "pname": "safety",
      "rev": "73cf49b8ad837ade2de76f87eb53fc85ed5d4680",
      "rev_count": 755230,
      "rev_date": "2025-02-18T08:17:47Z",
      "scrape_date": "2025-02-20T02:25:42Z",
      "stabilities": [
        "stable",
        "staging",
        "unstable"
      ],
      "unfree": false,
      "version": "3.2.14",
      "outputs_to_install": [
        "out"
      ],
      "outputs": {
        "dist": "/nix/store/zjpiyi2n4i8ck3bq8bq0cq424k7az93d-python3.12-safety-3.2.14-dist",
        "out": "/nix/store/3i1ag0fs707j887n0bnccmgxckrcf2fg-python3.12-safety-3.2.14"
      },
      "system": "x86_64-darwin",
      "group": "toplevel",
      "priority": 5
    },
    {
      "attr_path": "python312Packages.safety",
      "broken": false,
      "derivation": "/nix/store/m1q6nr9ni1in4l9lv6a2z8q73swj4ys2-python3.12-safety-3.2.14.drv",
      "description": "Checks installed dependencies for known vulnerabilities",
      "install_id": "safety",
      "license": "MIT",
      "locked_url": "https://github.com/flox/nixpkgs?rev=73cf49b8ad837ade2de76f87eb53fc85ed5d4680",
      "name": "python3.12-safety-3.2.14",
      "pname": "safety",
      "rev": "73cf49b8ad837ade2de76f87eb53fc85ed5d4680",
      "rev_count": 755230,
      "rev_date": "2025-02-18T08:17:47Z",
      "scrape_date": "2025-02-20T02:25:42Z",
      "stabilities": [
        "stable",
        "staging",
        "unstable"
      ],
      "unfree": false,
      "version": "3.2.14",
      "outputs_to_install": [
        "out"
      ],
      "outputs": {
        "dist": "/nix/store/k4hkfa5q2wnn66zpxqmbgnpjjci973bb-python3.12-safety-3.2.14-dist",
        "out": "/nix/store/z9iy64dlnlx22m3317ssppy3h62sbh04-python3.12-safety-3.2.14"
      },
      "system": "x86_64-linux",
      "group": "toplevel",
      "priority": 5
    },
    {
      "attr_path": "python312Packages.vulture",
      "broken": false,
      "derivation": "/nix/store/hf7k16mlxkpp5xmrppk9hmhjf7zyvlqc-python3.12-vulture-2.14.drv",
      "description": "Finds unused code in Python programs",
      "install_id": "vulture",
      "license": "MIT",
      "locked_url": "https://github.com/flox/nixpkgs?rev=73cf49b8ad837ade2de76f87eb53fc85ed5d4680",
      "name": "python3.12-vulture-2.14",
      "pname": "vulture",
      "rev": "73cf49b8ad837ade2de76f87eb53fc85ed5d4680",
      "rev_count": 755230,
      "rev_date": "2025-02-18T08:17:47Z",
      "scrape_date": "2025-02-20T02:25:42Z",
      "stabilities": [
        "stable",
        "staging",
        "unstable"
      ],
      "unfree": false,
      "version": "2.14",
      "outputs_to_install": [
        "out"
      ],
      "outputs": {
        "dist": "/nix/store/ffgl1kw26azifrqp480fxnhm16ydaavk-python3.12-vulture-2.14-dist",
        "out": "/nix/store/igxp75c6yhnx6a5wrjghkh8dv4gwwn7x-python3.12-vulture-2.14"
      },
      "system": "aarch64-darwin",
      "group": "toplevel",
      "priority": 5
    },
    {
      "attr_path": "python312Packages.vulture",
      "broken": false,
      "derivation": "/nix/store/kpgzqgcckd65fikbs4pq2j7pk4q2wv5c-python3.12-vulture-2.14.drv",
      "description": "Finds unused code in Python programs",
      "install_id": "vulture",
      "license": "MIT",
      "locked_url": "https://github.com/flox/nixpkgs?rev=73cf49b8ad837ade2de76f87eb53fc85ed5d4680",
      "name": "python3.12-vulture-2.14",
      "pname": "vulture",
      "rev": "73cf49b8ad837ade2de76f87eb53fc85ed5d4680",
      "rev_count": 755230,
      "rev_date": "2025-02-18T08:17:47Z",
      "scrape_date": "2025-02-20T02:25:42Z",
      "stabilities": [
        "stable",
        "staging",
        "unstable"
      ],
      "unfree": false,
      "version": "2.14",
      "outputs_to_install": [
        "out"
      ],
      "outputs": {
        "dist": "/nix/store/f9m0r10plyhrcfhisxfpb3smwc700814-python3.12-vulture-2.14-dist",
        "out": "/nix/store/gs3bamh89wkpsp7dips7dpmfagv4ixww-python3.12-vulture-2.14"
      },
      "system": "aarch64-linux",
      "group": "toplevel",
      "priority": 5
    },
    {
      "attr_path": "python312Packages.vulture",
      "broken": false,
      "derivation": "/nix/store/p8nvldh2ap7228h6wsjz9hi67arkp874-python3.12-vulture-2.14.drv",
      "description": "Finds unused code in Python programs",
      "install_id": "vulture",
      "license": "MIT",
      "locked_url": "https://github.com/flox/nixpkgs?rev=73cf49b8ad837ade2de76f87eb53fc85ed5d4680",
      "name": "python3.12-vulture-2.14",
      "pname": "vulture",
      "rev": "73cf49b8ad837ade2de76f87eb53fc85ed5d4680",
      "rev_count": 755230,
      "rev_date": "2025-02-18T08:17:47Z",
      "scrape_date": "2025-02-20T02:25:42Z",
      "stabilities": [
        "stable",
        "staging",
        "unstable"
      ],
      "unfree": false,
      "version": "2.14",
      "outputs_to_install": [
        "out"
      ],
      "outputs": {
        "dist": "/nix/store/zq4sp2fscwndw9j1sk68azaknnyv2mx1-python3.12-vulture-2.14-dist",
        "out": "/nix/store/8hakna83mszsay4rqjvi5n77xn6f2gzs-python3.12-vulture-2.14"
      },
      "system": "x86_64-darwin",
      "group": "toplevel",
      "priority": 5
    },
    {
      "attr_path": "python312Packages.vulture",
      "broken": false,
      "derivation": "/nix/store/lqx2czyqp3ww0xnc6r7bcjrxnfz7mb5i-python3.12-vulture-2.14.drv",
      "description": "Finds unused code in Python programs",
      "install_id": "vulture",
      "license": "MIT",
      "locked_url": "https://github.com/flox/nixpkgs?rev=73cf49b8ad837ade2de76f87eb53fc85ed5d4680",
      "name": "python3.12-vulture-2.14",
      "pname": "vulture",
      "rev": "73cf49b8ad837ade2de76f87eb53fc85ed5d4680",
      "rev_count": 755230,
      "rev_date": "2025-02-18T08:17:47Z",
      "scrape_date": "2025-02-20T02:25:42Z",
      "stabilities": [
        "stable",
        "staging",
        "unstable"
      ],
      "unfree": false,
      "version": "2.14",
      "outputs_to_install": [
        "out"
      ],
      "outputs": {
        "dist": "/nix/store/hmhvanm9wbbvq5r1m0fym1frjj95zvfj-python3.12-vulture-2.14-dist",
        "out": "/nix/store/nw3y7dl6vrn7my8hs6hkg8dd2v3s28xw-python3.12-vulture-2.14"
      },
      "system": "x86_64-linux",
      "group": "toplevel",
      "priority": 5
    }
  ]
}
